
Microsoft Visual Studio Solution File, Format Version 12.00
# Visual Studio 14
VisualStudioVersion = 14.0.23107.0
MinimumVisualStudioVersion = 10.0.40219.1
Project("{FAE04EC0-301F-11D3-BF4B-00C04F79EFBC}") = "Calculator", "Calculator\Calculator\Calculator.csproj", "{11A9A43F-28BA-46D5-BB2E-61AA9F33BE67}"
EndProject
Project("{FAE04EC0-301F-11D3-BF4B-00C04F79EFBC}") = "Calculator.iOS", "Calculator\Calculator.iOS\Calculator.iOS.csproj", "{70032F6B-3439-4B74-8E50-E31653393D82}"
EndProject
Project("{FAE04EC0-301F-11D3-BF4B-00C04F79EFBC}") = "Calculator.Droid", "Calculator\Calculator.Droid\Calculator.Droid.csproj", "{9CEC57F6-A1D1-4523-BDDE-33894E917335}"
EndProject
Project("{FAE04EC0-301F-11D3-BF4B-00C04F79EFBC}") = "Calculator.WinPhone", "Calculator\Calculator.WinPhone\Calculator.WinPhone.csproj", "{0C1F5378-80E4-4005-8139-CD24CC901EAD}"
EndProject
Global
	GlobalSection(SolutionConfigurationPlatforms) = preSolution
		Ad-Hoc|Any CPU = Ad-Hoc|Any CPU
		Ad-Hoc|ARM = Ad-Hoc|ARM
		Ad-Hoc|iPhone = Ad-Hoc|iPhone
		Ad-Hoc|iPhoneSimulator = Ad-Hoc|iPhoneSimulator
		Ad-Hoc|x86 = Ad-Hoc|x86
		AppStore|Any CPU = AppStore|Any CPU
		AppStore|ARM = AppStore|ARM
		AppStore|iPhone = AppStore|iPhone
		AppStore|iPhoneSimulator = AppStore|iPhoneSimulator
		AppStore|x86 = AppStore|x86
		Debug|Any CPU = Debug|Any CPU
		Debug|ARM = Debug|ARM
		Debug|iPhone = Debug|iPhone
		Debug|iPhoneSimulator = Debug|iPhoneSimulator
		Debug|x86 = Debug|x86
		Release|Any CPU = Release|Any CPU
		Release|ARM = Release|ARM
		Release|iPhone = Release|iPhone
		Release|iPhoneSimulator = Release|iPhoneSimulator
		Release|x86 = Release|x86
	EndGlobalSection
	GlobalSection(ProjectConfigurationPlatforms) = postSolution
		{11A9A43F-28BA-46D5-BB2E-61AA9F33BE67}.Ad-Hoc|Any CPU.ActiveCfg = Release|Any CPU
		{11A9A43F-28BA-46D5-BB2E-61AA9F33BE67}.Ad-Hoc|Any CPU.Build.0 = Release|Any CPU
		{11A9A43F-28BA-46D5-BB2E-61AA9F33BE67}.Ad-Hoc|ARM.ActiveCfg = Release|Any CPU
		{11A9A43F-28BA-46D5-BB2E-61AA9F33BE67}.Ad-Hoc|ARM.Build.0 = Release|Any CPU
		{11A9A43F-28BA-46D5-BB2E-61AA9F33BE67}.Ad-Hoc|iPhone.ActiveCfg = Release|Any CPU
		{11A9A43F-28BA-46D5-BB2E-61AA9F33BE67}.Ad-Hoc|iPhone.Build.0 = Release|Any CPU
		{11A9A43F-28BA-46D5-BB2E-61AA9F33BE67}.Ad-Hoc|iPhoneSimulator.ActiveCfg = Release|Any CPU
		{11A9A43F-28BA-46D5-BB2E-61AA9F33BE67}.Ad-Hoc|iPhoneSimulator.Build.0 = Release|Any CPU
		{11A9A43F-28BA-46D5-BB2E-61AA9F33BE67}.Ad-Hoc|x86.ActiveCfg = Release|Any CPU
		{11A9A43F-28BA-46D5-BB2E-61AA9F33BE67}.Ad-Hoc|x86.Build.0 = Release|Any CPU
		{11A9A43F-28BA-46D5-BB2E-61AA9F33BE67}.AppStore|Any CPU.ActiveCfg = Release|Any CPU
		{11A9A43F-28BA-46D5-BB2E-61AA9F33BE67}.AppStore|Any CPU.Build.0 = Release|Any CPU
		{11A9A43F-28BA-46D5-BB2E-61AA9F33BE67}.AppStore|ARM.ActiveCfg = Release|Any CPU
		{11A9A43F-28BA-46D5-BB2E-61AA9F33BE67}.AppStore|ARM.Build.0 = Release|Any CPU
		{11A9A43F-28BA-46D5-BB2E-61AA9F33BE67}.AppStore|iPhone.ActiveCfg = Release|Any CPU
		{11A9A43F-28BA-46D5-BB2E-61AA9F33BE67}.AppStore|iPhone.Build.0 = Release|Any CPU
		{11A9A43F-28BA-46D5-BB2E-61AA9F33BE67}.AppStore|iPhoneSimulator.ActiveCfg = Release|Any CPU
		{11A9A43F-28BA-46D5-BB2E-61AA9F33BE67}.AppStore|iPhoneSimulator.Build.0 = Release|Any CPU
		{11A9A43F-28BA-46D5-BB2E-61AA9F33BE67}.AppStore|x86.ActiveCfg = Release|Any CPU
		{11A9A43F-28BA-46D5-BB2E-61AA9F33BE67}.AppStore|x86.Build.0 = Release|Any CPU
		{11A9A43F-28BA-46D5-BB2E-61AA9F33BE67}.Debug|Any CPU.ActiveCfg = Debug|Any CPU
		{11A9A43F-28BA-46D5-BB2E-61AA9F33BE67}.Debug|Any CPU.Build.0 = Debug|Any CPU
		{11A9A43F-28BA-46D5-BB2E-61AA9F33BE67}.Debug|ARM.ActiveCfg = Debug|Any CPU
		{11A9A43F-28BA-46D5-BB2E-61AA9F33BE67}.Debug|ARM.Build.0 = Debug|Any CPU
		{11A9A43F-28BA-46D5-BB2E-61AA9F33BE67}.Debug|iPhone.ActiveCfg = Debug|Any CPU
		{11A9A43F-28BA-46D5-BB2E-61AA9F33BE67}.Debug|iPhone.Build.0 = Debug|Any CPU
		{11A9A43F-28BA-46D5-BB2E-61AA9F33BE67}.Debug|iPhoneSimulator.ActiveCfg = Debug|Any CPU
		{11A9A43F-28BA-46D5-BB2E-61AA9F33BE67}.Debug|iPhoneSimulator.Build.0 = Debug|Any CPU
		{11A9A43F-28BA-46D5-BB2E-61AA9F33BE67}.Debug|x86.ActiveCfg = Debug|Any CPU
		{11A9A43F-28BA-46D5-BB2E-61AA9F33BE67}.Debug|x86.Build.0 = Debug|Any CPU
		{11A9A43F-28BA-46D5-BB2E-61AA9F33BE67}.Release|Any CPU.ActiveCfg = Release|Any CPU
		{11A9A43F-28BA-46D5-BB2E-61AA9F33BE67}.Release|Any CPU.Build.0 = Release|Any CPU
		{11A9A43F-28BA-46D5-BB2E-61AA9F33BE67}.Release|ARM.ActiveCfg = Release|Any CPU
		{11A9A43F-28BA-46D5-BB2E-61AA9F33BE67}.Release|ARM.Build.0 = Release|Any CPU
		{11A9A43F-28BA-46D5-BB2E-61AA9F33BE67}.Release|iPhone.ActiveCfg = Release|Any CPU
		{11A9A43F-28BA-46D5-BB2E-61AA9F33BE67}.Release|iPhone.Build.0 = Release|Any CPU
		{11A9A43F-28BA-46D5-BB2E-61AA9F33BE67}.Release|iPhoneSimulator.ActiveCfg = Release|Any CPU
		{11A9A43F-28BA-46D5-BB2E-61AA9F33BE67}.Release|iPhoneSimulator.Build.0 = Release|Any CPU
		{11A9A43F-28BA-46D5-BB2E-61AA9F33BE67}.Release|x86.ActiveCfg = Release|Any CPU
		{11A9A43F-28BA-46D5-BB2E-61AA9F33BE67}.Release|x86.Build.0 = Release|Any CPU
		{70032F6B-3439-4B74-8E50-E31653393D82}.Ad-Hoc|Any CPU.ActiveCfg = Ad-Hoc|iPhone
		{70032F6B-3439-4B74-8E50-E31653393D82}.Ad-Hoc|ARM.ActiveCfg = Ad-Hoc|iPhone
		{70032F6B-3439-4B74-8E50-E31653393D82}.Ad-Hoc|iPhone.ActiveCfg = Ad-Hoc|iPhone
		{70032F6B-3439-4B74-8E50-E31653393D82}.Ad-Hoc|iPhone.Build.0 = Ad-Hoc|iPhone
		{70032F6B-3439-4B74-8E50-E31653393D82}.Ad-Hoc|iPhoneSimulator.ActiveCfg = Ad-Hoc|iPhoneSimulator
		{70032F6B-3439-4B74-8E50-E31653393D82}.Ad-Hoc|iPhoneSimulator.Build.0 = Ad-Hoc|iPhoneSimulator
		{70032F6B-3439-4B74-8E50-E31653393D82}.Ad-Hoc|x86.ActiveCfg = Ad-Hoc|iPhone
		{70032F6B-3439-4B74-8E50-E31653393D82}.AppStore|Any CPU.ActiveCfg = AppStore|iPhone
		{70032F6B-3439-4B74-8E50-E31653393D82}.AppStore|ARM.ActiveCfg = AppStore|iPhone
		{70032F6B-3439-4B74-8E50-E31653393D82}.AppStore|iPhone.ActiveCfg = AppStore|iPhone
		{70032F6B-3439-4B74-8E50-E31653393D82}.AppStore|iPhone.Build.0 = AppStore|iPhone
		{70032F6B-3439-4B74-8E50-E31653393D82}.AppStore|iPhoneSimulator.ActiveCfg = AppStore|iPhoneSimulator
		{70032F6B-3439-4B74-8E50-E31653393D82}.AppStore|iPhoneSimulator.Build.0 = AppStore|iPhoneSimulator
		{70032F6B-3439-4B74-8E50-E31653393D82}.AppStore|x86.ActiveCfg = AppStore|iPhone
		{70032F6B-3439-4B74-8E50-E31653393D82}.Debug|Any CPU.ActiveCfg = Debug|iPhone
		{70032F6B-3439-4B74-8E50-E31653393D82}.Debug|ARM.ActiveCfg = Debug|iPhone
		{70032F6B-3439-4B74-8E50-E31653393D82}.Debug|iPhone.ActiveCfg = Debug|iPhone
		{70032F6B-3439-4B74-8E50-E31653393D82}.Debug|iPhone.Build.0 = Debug|iPhone
		{70032F6B-3439-4B74-8E50-E31653393D82}.Debug|iPhoneSimulator.ActiveCfg = Debug|iPhoneSimulator
		{70032F6B-3439-4B74-8E50-E31653393D82}.Debug|iPhoneSimulator.Build.0 = Debug|iPhoneSimulator
		{70032F6B-3439-4B74-8E50-E31653393D82}.Debug|x86.ActiveCfg = Debug|iPhone
		{70032F6B-3439-4B74-8E50-E31653393D82}.Release|Any CPU.ActiveCfg = Release|iPhone
		{70032F6B-3439-4B74-8E50-E31653393D82}.Release|ARM.ActiveCfg = Release|iPhone
		{70032F6B-3439-4B74-8E50-E31653393D82}.Release|iPhone.ActiveCfg = Release|iPhone
		{70032F6B-3439-4B74-8E50-E31653393D82}.Release|iPhone.Build.0 = Release|iPhone
		{70032F6B-3439-4B74-8E50-E31653393D82}.Release|iPhoneSimulator.ActiveCfg = Release|iPhoneSimulator
		{70032F6B-3439-4B74-8E50-E31653393D82}.Release|iPhoneSimulator.Build.0 = Release|iPhoneSimulator
		{70032F6B-3439-4B74-8E50-E31653393D82}.Release|x86.ActiveCfg = Release|iPhone
		{9CEC57F6-A1D1-4523-BDDE-33894E917335}.Ad-Hoc|Any CPU.ActiveCfg = Release|Any CPU
		{9CEC57F6-A1D1-4523-BDDE-33894E917335}.Ad-Hoc|Any CPU.Build.0 = Release|Any CPU
		{9CEC57F6-A1D1-4523-BDDE-33894E917335}.Ad-Hoc|Any CPU.Deploy.0 = Release|Any CPU
		{9CEC57F6-A1D1-4523-BDDE-33894E917335}.Ad-Hoc|ARM.ActiveCfg = Release|Any CPU
		{9CEC57F6-A1D1-4523-BDDE-33894E917335}.Ad-Hoc|ARM.Build.0 = Release|Any CPU
		{9CEC57F6-A1D1-4523-BDDE-33894E917335}.Ad-Hoc|ARM.Deploy.0 = Release|Any CPU
		{9CEC57F6-A1D1-4523-BDDE-33894E917335}.Ad-Hoc|iPhone.ActiveCfg = Release|Any CPU
		{9CEC57F6-A1D1-4523-BDDE-33894E917335}.Ad-Hoc|iPhone.Build.0 = Release|Any CPU
		{9CEC57F6-A1D1-4523-BDDE-33894E917335}.Ad-Hoc|iPhone.Deploy.0 = Release|Any CPU
		{9CEC57F6-A1D1-4523-BDDE-33894E917335}.Ad-Hoc|iPhoneSimulator.ActiveCfg = Release|Any CPU
		{9CEC57F6-A1D1-4523-BDDE-33894E917335}.Ad-Hoc|iPhoneSimulator.Build.0 = Release|Any CPU
		{9CEC57F6-A1D1-4523-BDDE-33894E917335}.Ad-Hoc|iPhoneSimulator.Deploy.0 = Release|Any CPU
		{9CEC57F6-A1D1-4523-BDDE-33894E917335}.Ad-Hoc|x86.ActiveCfg = Release|Any CPU
		{9CEC57F6-A1D1-4523-BDDE-33894E917335}.Ad-Hoc|x86.Build.0 = Release|Any CPU
		{9CEC57F6-A1D1-4523-BDDE-33894E917335}.Ad-Hoc|x86.Deploy.0 = Release|Any CPU
		{9CEC57F6-A1D1-4523-BDDE-33894E917335}.AppStore|Any CPU.ActiveCfg = Release|Any CPU
		{9CEC57F6-A1D1-4523-BDDE-33894E917335}.AppStore|Any CPU.Build.0 = Release|Any CPU
		{9CEC57F6-A1D1-4523-BDDE-33894E917335}.AppStore|Any CPU.Deploy.0 = Release|Any CPU
		{9CEC57F6-A1D1-4523-BDDE-33894E917335}.AppStore|ARM.ActiveCfg = Release|Any CPU
		{9CEC57F6-A1D1-4523-BDDE-33894E917335}.AppStore|ARM.Build.0 = Release|Any CPU
		{9CEC57F6-A1D1-4523-BDDE-33894E917335}.AppStore|ARM.Deploy.0 = Release|Any CPU
		{9CEC57F6-A1D1-4523-BDDE-33894E917335}.AppStore|iPhone.ActiveCfg = Release|Any CPU
		{9CEC57F6-A1D1-4523-BDDE-33894E917335}.AppStore|iPhone.Build.0 = Release|Any CPU
		{9CEC57F6-A1D1-4523-BDDE-33894E917335}.AppStore|iPhone.Deploy.0 = Release|Any CPU
		{9CEC57F6-A1D1-4523-BDDE-33894E917335}.AppStore|iPhoneSimulator.ActiveCfg = Release|Any CPU
		{9CEC57F6-A1D1-4523-BDDE-33894E917335}.AppStore|iPhoneSimulator.Build.0 = Release|Any CPU
		{9CEC57F6-A1D1-4523-BDDE-33894E917335}.AppStore|iPhoneSimulator.Deploy.0 = Release|Any CPU
		{9CEC57F6-A1D1-4523-BDDE-33894E917335}.AppStore|x86.ActiveCfg = Release|Any CPU
		{9CEC57F6-A1D1-4523-BDDE-33894E917335}.AppStore|x86.Build.0 = Release|Any CPU
		{9CEC57F6-A1D1-4523-BDDE-33894E917335}.AppStore|x86.Deploy.0 = Release|Any CPU
		{9CEC57F6-A1D1-4523-BDDE-33894E917335}.Debug|Any CPU.ActiveCfg = Debug|Any CPU
		{9CEC57F6-A1D1-4523-BDDE-33894E917335}.Debug|Any CPU.Build.0 = Debug|Any CPU
		{9CEC57F6-A1D1-4523-BDDE-33894E917335}.Debug|Any CPU.Deploy.0 = Debug|Any CPU
		{9CEC57F6-A1D1-4523-BDDE-33894E917335}.Debug|ARM.ActiveCfg = Debug|Any CPU
		{9CEC57F6-A1D1-4523-BDDE-33894E917335}.Debug|ARM.Build.0 = Debug|Any CPU
		{9CEC57F6-A1D1-4523-BDDE-33894E917335}.Debug|ARM.Deploy.0 = Debug|Any CPU
		{9CEC57F6-A1D1-4523-BDDE-33894E917335}.Debug|iPhone.ActiveCfg = Debug|Any CPU
		{9CEC57F6-A1D1-4523-BDDE-33894E917335}.Debug|iPhone.Build.0 = Debug|Any CPU
		{9CEC57F6-A1D1-4523-BDDE-33894E917335}.Debug|iPhone.Deploy.0 = Debug|Any CPU
		{9CEC57F6-A1D1-4523-BDDE-33894E917335}.Debug|iPhoneSimulator.ActiveCfg = Debug|Any CPU
		{9CEC57F6-A1D1-4523-BDDE-33894E917335}.Debug|iPhoneSimulator.Build.0 = Debug|Any CPU
		{9CEC57F6-A1D1-4523-BDDE-33894E917335}.Debug|iPhoneSimulator.Deploy.0 = Debug|Any CPU
		{9CEC57F6-A1D1-4523-BDDE-33894E917335}.Debug|x86.ActiveCfg = Debug|Any CPU
		{9CEC57F6-A1D1-4523-BDDE-33894E917335}.Debug|x86.Build.0 = Debug|Any CPU
		{9CEC57F6-A1D1-4523-BDDE-33894E917335}.Debug|x86.Deploy.0 = Debug|Any CPU
		{9CEC57F6-A1D1-4523-BDDE-33894E917335}.Release|Any CPU.ActiveCfg = Release|Any CPU
		{9CEC57F6-A1D1-4523-BDDE-33894E917335}.Release|Any CPU.Build.0 = Release|Any CPU
		{9CEC57F6-A1D1-4523-BDDE-33894E917335}.Release|Any CPU.Deploy.0 = Release|Any CPU
		{9CEC57F6-A1D1-4523-BDDE-33894E917335}.Release|ARM.ActiveCfg = Release|Any CPU
		{9CEC57F6-A1D1-4523-BDDE-33894E917335}.Release|ARM.Build.0 = Release|Any CPU
		{9CEC57F6-A1D1-4523-BDDE-33894E917335}.Release|ARM.Deploy.0 = Release|Any CPU
		{9CEC57F6-A1D1-4523-BDDE-33894E917335}.Release|iPhone.ActiveCfg = Release|Any CPU
		{9CEC57F6-A1D1-4523-BDDE-33894E917335}.Release|iPhone.Build.0 = Release|Any CPU
		{9CEC57F6-A1D1-4523-BDDE-33894E917335}.Release|iPhone.Deploy.0 = Release|Any CPU
		{9CEC57F6-A1D1-4523-BDDE-33894E917335}.Release|iPhoneSimulator.ActiveCfg = Release|Any CPU
		{9CEC57F6-A1D1-4523-BDDE-33894E917335}.Release|iPhoneSimulator.Build.0 = Release|Any CPU
		{9CEC57F6-A1D1-4523-BDDE-33894E917335}.Release|iPhoneSimulator.Deploy.0 = Release|Any CPU
		{9CEC57F6-A1D1-4523-BDDE-33894E917335}.Release|x86.ActiveCfg = Release|Any CPU
		{9CEC57F6-A1D1-4523-BDDE-33894E917335}.Release|x86.Build.0 = Release|Any CPU
		{9CEC57F6-A1D1-4523-BDDE-33894E917335}.Release|x86.Deploy.0 = Release|Any CPU
		{0C1F5378-80E4-4005-8139-CD24CC901EAD}.Ad-Hoc|Any CPU.ActiveCfg = Release|Any CPU
		{0C1F5378-80E4-4005-8139-CD24CC901EAD}.Ad-Hoc|Any CPU.Build.0 = Release|Any CPU
		{0C1F5378-80E4-4005-8139-CD24CC901EAD}.Ad-Hoc|Any CPU.Deploy.0 = Release|Any CPU
		{0C1F5378-80E4-4005-8139-CD24CC901EAD}.Ad-Hoc|ARM.ActiveCfg = Release|ARM
		{0C1F5378-80E4-4005-8139-CD24CC901EAD}.Ad-Hoc|ARM.Build.0 = Release|ARM
		{0C1F5378-80E4-4005-8139-CD24CC901EAD}.Ad-Hoc|ARM.Deploy.0 = Release|ARM
		{0C1F5378-80E4-4005-8139-CD24CC901EAD}.Ad-Hoc|iPhone.ActiveCfg = Release|Any CPU
		{0C1F5378-80E4-4005-8139-CD24CC901EAD}.Ad-Hoc|iPhone.Build.0 = Release|Any CPU
		{0C1F5378-80E4-4005-8139-CD24CC901EAD}.Ad-Hoc|iPhone.Deploy.0 = Release|Any CPU
		{0C1F5378-80E4-4005-8139-CD24CC901EAD}.Ad-Hoc|iPhoneSimulator.ActiveCfg = Release|Any CPU
		{0C1F5378-80E4-4005-8139-CD24CC901EAD}.Ad-Hoc|iPhoneSimulator.Build.0 = Release|Any CPU
		{0C1F5378-80E4-4005-8139-CD24CC901EAD}.Ad-Hoc|iPhoneSimulator.Deploy.0 = Release|Any CPU
		{0C1F5378-80E4-4005-8139-CD24CC901EAD}.Ad-Hoc|x86.ActiveCfg = Release|x86
		{0C1F5378-80E4-4005-8139-CD24CC901EAD}.Ad-Hoc|x86.Build.0 = Release|x86
		{0C1F5378-80E4-4005-8139-CD24CC901EAD}.Ad-Hoc|x86.Deploy.0 = Release|x86
		{0C1F5378-80E4-4005-8139-CD24CC901EAD}.AppStore|Any CPU.ActiveCfg = Release|Any CPU
		{0C1F5378-80E4-4005-8139-CD24CC901EAD}.AppStore|Any CPU.Build.0 = Release|Any CPU
		{0C1F5378-80E4-4005-8139-CD24CC901EAD}.AppStore|Any CPU.Deploy.0 = Release|Any CPU
		{0C1F5378-80E4-4005-8139-CD24CC901EAD}.AppStore|ARM.ActiveCfg = Release|ARM
		{0C1F5378-80E4-4005-8139-CD24CC901EAD}.AppStore|ARM.Build.0 = Release|ARM
		{0C1F5378-80E4-4005-8139-CD24CC901EAD}.AppStore|ARM.Deploy.0 = Release|ARM
		{0C1F5378-80E4-4005-8139-CD24CC901EAD}.AppStore|iPhone.ActiveCfg = Release|Any CPU
		{0C1F5378-80E4-4005-8139-CD24CC901EAD}.AppStore|iPhone.Build.0 = Release|Any CPU
		{0C1F5378-80E4-4005-8139-CD24CC901EAD}.AppStore|iPhone.Deploy.0 = Release|Any CPU
		{0C1F5378-80E4-4005-8139-CD24CC901EAD}.AppStore|iPhoneSimulator.ActiveCfg = Release|Any CPU
		{0C1F5378-80E4-4005-8139-CD24CC901EAD}.AppStore|iPhoneSimulator.Build.0 = Release|Any CPU
		{0C1F5378-80E4-4005-8139-CD24CC901EAD}.AppStore|iPhoneSimulator.Deploy.0 = Release|Any CPU
		{0C1F5378-80E4-4005-8139-CD24CC901EAD}.AppStore|x86.ActiveCfg = Release|x86
		{0C1F5378-80E4-4005-8139-CD24CC901EAD}.AppStore|x86.Build.0 = Release|x86
		{0C1F5378-80E4-4005-8139-CD24CC901EAD}.AppStore|x86.Deploy.0 = Release|x86
		{0C1F5378-80E4-4005-8139-CD24CC901EAD}.Debug|Any CPU.ActiveCfg = Debug|Any CPU
		{0C1F5378-80E4-4005-8139-CD24CC901EAD}.Debug|Any CPU.Build.0 = Debug|Any CPU
		{0C1F5378-80E4-4005-8139-CD24CC901EAD}.Debug|Any CPU.Deploy.0 = Debug|Any CPU
		{0C1F5378-80E4-4005-8139-CD24CC901EAD}.Debug|ARM.ActiveCfg = Debug|ARM
		{0C1F5378-80E4-4005-8139-CD24CC901EAD}.Debug|ARM.Build.0 = Debug|ARM
		{0C1F5378-80E4-4005-8139-CD24CC901EAD}.Debug|ARM.Deploy.0 = Debug|ARM
		{0C1F5378-80E4-4005-8139-CD24CC901EAD}.Debug|iPhone.ActiveCfg = Debug|Any CPU
		{0C1F5378-80E4-4005-8139-CD24CC901EAD}.Debug|iPhone.Build.0 = Debug|Any CPU
		{0C1F5378-80E4-4005-8139-CD24CC901EAD}.Debug|iPhone.Deploy.0 = Debug|Any CPU
		{0C1F5378-80E4-4005-8139-CD24CC901EAD}.Debug|iPhoneSimulator.ActiveCfg = Debug|Any CPU
		{0C1F5378-80E4-4005-8139-CD24CC901EAD}.Debug|iPhoneSimulator.Build.0 = Debug|Any CPU
		{0C1F5378-80E4-4005-8139-CD24CC901EAD}.Debug|iPhoneSimulator.Deploy.0 = Debug|Any CPU
		{0C1F5378-80E4-4005-8139-CD24CC901EAD}.Debug|x86.ActiveCfg = Debug|x86
		{0C1F5378-80E4-4005-8139-CD24CC901EAD}.Debug|x86.Build.0 = Debug|x86
		{0C1F5378-80E4-4005-8139-CD24CC901EAD}.Debug|x86.Deploy.0 = Debug|x86
		{0C1F5378-80E4-4005-8139-CD24CC901EAD}.Release|Any CPU.ActiveCfg = Release|Any CPU
		{0C1F5378-80E4-4005-8139-CD24CC901EAD}.Release|Any CPU.Build.0 = Release|Any CPU
		{0C1F5378-80E4-4005-8139-CD24CC901EAD}.Release|Any CPU.Deploy.0 = Release|Any CPU
		{0C1F5378-80E4-4005-8139-CD24CC901EAD}.Release|ARM.ActiveCfg = Release|ARM
		{0C1F5378-80E4-4005-8139-CD24CC901EAD}.Release|ARM.Build.0 = Release|ARM
		{0C1F5378-80E4-4005-8139-CD24CC901EAD}.Release|ARM.Deploy.0 = Release|ARM
		{0C1F5378-80E4-4005-8139-CD24CC901EAD}.Release|iPhone.ActiveCfg = Release|Any CPU
		{0C1F5378-80E4-4005-8139-CD24CC901EAD}.Release|iPhone.Build.0 = Release|Any CPU
		{0C1F5378-80E4-4005-8139-CD24CC901EAD}.Release|iPhone.Deploy.0 = Release|Any CPU
		{0C1F5378-80E4-4005-8139-CD24CC901EAD}.Release|iPhoneSimulator.ActiveCfg = Release|Any CPU
		{0C1F5378-80E4-4005-8139-CD24CC901EAD}.Release|iPhoneSimulator.Build.0 = Release|Any CPU
		{0C1F5378-80E4-4005-8139-CD24CC901EAD}.Release|iPhoneSimulator.Deploy.0 = Release|Any CPU
		{0C1F5378-80E4-4005-8139-CD24CC901EAD}.Release|x86.ActiveCfg = Release|x86
		{0C1F5378-80E4-4005-8139-CD24CC901EAD}.Release|x86.Build.0 = Release|x86
		{0C1F5378-80E4-4005-8139-CD24CC901EAD}.Release|x86.Deploy.0 = Release|x86
	EndGlobalSection
	GlobalSection(SolutionProperties) = preSolution
		HideSolutionNode = FALSE
	EndGlobalSection
EndGlobal
